{
  "name": "simulator",
  "lockfileVersion": 3,
  "requires": true,
  "packages": {
    "": {
      "dependencies": {
        "@firestone-hs/reference-data": "^3.0.207",
        "@firestone-hs/simulate-bgs-battle": "^1.1.750"
      }
    },
    "node_modules/@firestone-hs/deckstrings": {
      "version": "2.2.8",
      "resolved": "https://registry.npmjs.org/@firestone-hs/deckstrings/-/deckstrings-2.2.8.tgz",
      "integrity": "sha512-Hr6bZO3uW04hkehedDXUDHMIEXJDGBbEHYha63AYjRisoZzhbEegw0qBxvOyCrWni7HFkRhpNz791vkiWy7W5Q==",
      "license": "ISC"
    },
    "node_modules/@firestone-hs/reference-data": {
      "version": "3.0.207",
      "resolved": "https://registry.npmjs.org/@firestone-hs/reference-data/-/reference-data-3.0.207.tgz",
      "integrity": "sha512-fCyhB1V3NiO7iyFc6rFzml3+h9QcHdvaooduDhDHW7CCjj24mjzHrJAm8m0sGkBrKzQBSwQNrxADtSHolG3oHA==",
      "license": "MIT",
      "dependencies": {
        "@firestone-hs/deckstrings": "^2.2.7",
        "rxjs": "~6.6.7",
        "tslib": "^2.0.0",
        "zone.js": "~0.10.2"
      }
    },
    "node_modules/@firestone-hs/simulate-bgs-battle": {
      "version": "1.1.750",
      "resolved": "https://registry.npmjs.org/@firestone-hs/simulate-bgs-battle/-/simulate-bgs-battle-1.1.750.tgz",
      "integrity": "sha512-XA9T47AKXvVfN2pxVBzcr/cLWkC0XJ55ySChYPzPdYZTd1sGB/IRnqkRj2DeTSB6ILVtsn+rPTnWye50NV4z8w==",
      "license": "MIT",
      "dependencies": {
        "@firestone-hs/reference-data": "^3.0.196"
      }
    },
    "node_modules/rxjs": {
      "version": "6.6.7",
      "resolved": "https://registry.npmjs.org/rxjs/-/rxjs-6.6.7.tgz",
      "integrity": "sha512-hTdwr+7yYNIT5n4AMYp85KA6yw2Va0FLa3Rguvbpa4W3I5xynaBZo41cM3XM+4Q6fRMj3sBYIR1VAmZMXYJvRQ==",
      "license": "Apache-2.0",
      "dependencies": {
        "tslib": "^1.9.0"
      },
      "engines": {
        "npm": ">=2.0.0"
      }
    },
    "node_modules/rxjs/node_modules/tslib": {
      "version": "1.14.1",
      "resolved": "https://registry.npmjs.org/tslib/-/tslib-1.14.1.tgz",
      "integrity": "sha512-Xni35NKzjgMrwevysHTCArtLDpPvye8zV/0E4EyYn43P7/7qvQwPh9BGkHewbMulVntbigmcT7rdX3BNo9wRJg==",
      "license": "0BSD"
    },
    "node_modules/tslib": {
      "version": "2.8.1",
      "resolved": "https://registry.npmjs.org/tslib/-/tslib-2.8.1.tgz",
      "integrity": "sha512-oJFu94HQb+KVduSUQL7wnpmqnfmLsOA/nAh6b6EH0wCEoK0/mPeXU6c3wKDV83MkOuHPRHtSXKKU99IBazS/2w==",
      "license": "0BSD"
    },
    "node_modules/zone.js": {
      "version": "0.10.3",
      "resolved": "https://registry.npmjs.org/zone.js/-/zone.js-0.10.3.tgz",
      "integrity": "sha512-LXVLVEq0NNOqK/fLJo3d0kfzd4sxwn2/h67/02pjCjfKDxgx1i9QqpvtHD8CrBnSSwMw5+dy11O7FRX5mkO7Cg==",
      "license": "MIT"
    }
  }
}
